// !$*UTF8*$!
{
	archiveVersion = 1;
	classes = {
	};
	objectVersion = 50;
	objects = {

/* Begin PBXBuildFile section */
		BD4A5003262ACC3500BB8F4B /* AppDelegate.swift in Sources */ = {isa = PBXBuildFile; fileRef = BD4A5002262ACC3500BB8F4B /* AppDelegate.swift */; };
		BD4A5005262ACC3500BB8F4B /* SceneDelegate.swift in Sources */ = {isa = PBXBuildFile; fileRef = BD4A5004262ACC3500BB8F4B /* SceneDelegate.swift */; };
		BD4A5007262ACC3500BB8F4B /* ViewController.swift in Sources */ = {isa = PBXBuildFile; fileRef = BD4A5006262ACC3500BB8F4B /* ViewController.swift */; };
		BD4A500A262ACC3500BB8F4B /* Main.storyboard in Resources */ = {isa = PBXBuildFile; fileRef = BD4A5008262ACC3500BB8F4B /* Main.storyboard */; };
		BD4A500D262ACC3500BB8F4B /* MC1_Applied.xcdatamodeld in Sources */ = {isa = PBXBuildFile; fileRef = BD4A500B262ACC3500BB8F4B /* MC1_Applied.xcdatamodeld */; };
		BD4A500F262ACC3500BB8F4B /* Assets.xcassets in Resources */ = {isa = PBXBuildFile; fileRef = BD4A500E262ACC3500BB8F4B /* Assets.xcassets */; };
		BD4A5012262ACC3500BB8F4B /* LaunchScreen.storyboard in Resources */ = {isa = PBXBuildFile; fileRef = BD4A5010262ACC3500BB8F4B /* LaunchScreen.storyboard */; };
/* End PBXBuildFile section */

/* Begin PBXFileReference section */
		BD4A4FFF262ACC3500BB8F4B /* MC1-Applied.app */ = {isa = PBXFileReference; explicitFileType = wrapper.application; includeInIndex = 0; path = "MC1-Applied.app"; sourceTree = BUILT_PRODUCTS_DIR; };
		BD4A5002262ACC3500BB8F4B /* AppDelegate.swift */ = {isa = PBXFileReference; lastKnownFileType = sourcecode.swift; path = AppDelegate.swift; sourceTree = "<group>"; };
		BD4A5004262ACC3500BB8F4B /* SceneDelegate.swift */ = {isa = PBXFileReference; lastKnownFileType = sourcecode.swift; path = SceneDelegate.swift; sourceTree = "<group>"; };
		BD4A5006262ACC3500BB8F4B /* ViewController.swift */ = {isa = PBXFileReference; lastKnownFileType = sourcecode.swift; path = ViewController.swift; sourceTree = "<group>"; };
		BD4A5009262ACC3500BB8F4B /* Base */ = {isa = PBXFileReference; lastKnownFileType = file.storyboard; name = Base; path = Base.lproj/Main.storyboard; sourceTree = "<group>"; };
		BD4A500C262ACC3500BB8F4B /* MC1_Applied.xcdatamodel */ = {isa = PBXFileReference; lastKnownFileType = wrapper.xcdatamodel; path = MC1_Applied.xcdatamodel; sourceTree = "<group>"; };
		BD4A500E262ACC3500BB8F4B /* Assets.xcassets */ = {isa = PBXFileReference; lastKnownFileType = folder.assetcatalog; path = Assets.xcassets; sourceTree = "<group>"; };
		BD4A5011262ACC3500BB8F4B /* Base */ = {isa = PBXFileReference; lastKnownFileType = file.storyboard; name = Base; path = Base.lproj/LaunchScreen.storyboard; sourceTree = "<group>"; };
		BD4A5013262ACC3500BB8F4B /* Info.plist */ = {isa = PBXFileReference; lastKnownFileType = text.plist.xml; path = Info.plist; sourceTree = "<group>"; };
/* End PBXFileReference section */

/* Begin PBXFrameworksBuildPhase section */
		BD4A4FFC262ACC3500BB8F4B /* Frameworks */ = {
			isa = PBXFrameworksBuildPhase;
			buildActionMask = 2147483647;
			files = (
			);
			runOnlyForDeploymentPostprocessing = 0;
		};
/* End PBXFrameworksBuildPhase section */

/* Begin PBXGroup section */
		BD4A4FF6262ACC3500BB8F4B = {
			isa = PBXGroup;
			children = (
				BD4A5001262ACC3500BB8F4B /* MC1-Applied */,
				BD4A5000262ACC3500BB8F4B /* Products */,
			);
			sourceTree = "<group>";
		};
		BD4A5000262ACC3500BB8F4B /* Products */ = {
			isa = PBXGroup;
			children = (
				BD4A4FFF262ACC3500BB8F4B /* MC1-Applied.app */,
			);
			name = Products;
			sourceTree = "<group>";
		};
		BD4A5001262ACC3500BB8F4B /* MC1-Applied */ = {
			isa = PBXGroup;
			children = (
				BD4A5002262ACC3500BB8F4B /* AppDelegate.swift */,
				BD4A5004262ACC3500BB8F4B /* SceneDelegate.swift */,
				BD4A5006262ACC3500BB8F4B /* ViewController.swift */,
				BD4A5008262ACC3500BB8F4B /* Main.storyboard */,
				BD4A500E262ACC3500BB8F4B /* Assets.xcassets */,
				BD4A5010262ACC3500BB8F4B /* LaunchScreen.storyboard */,
				BD4A5013262ACC3500BB8F4B /* Info.plist */,
				BD4A500B262ACC3500BB8F4B /* MC1_Applied.xcdatamodeld */,
			);
			path = "MC1-Applied";
			sourceTree = "<group>";
		};
/* End PBXGroup section */

/* Begin PBXNativeTarget section */
		BD4A4FFE262ACC3500BB8F4B /* MC1-Applied */ = {
			isa = PBXNativeTarget;
			buildConfigurationList = BD4A5016262ACC3500BB8F4B /* Build configuration list for PBXNativeTarget "MC1-Applied" */;
			buildPhases = (
				BD4A4FFB262ACC3500BB8F4B /* Sources */,
				BD4A4FFC262ACC3500BB8F4B /* Frameworks */,
				BD4A4FFD262ACC3500BB8F4B /* Resources */,
			);
			buildRules = (
			);
			dependencies = (
			);
			name = "MC1-Applied";
			productName = "MC1-Applied";
			productReference = BD4A4FFF262ACC3500BB8F4B /* MC1-Applied.app */;
			productType = "com.apple.product-type.application";
		};
/* End PBXNativeTarget section */

/* Begin PBXProject section */
		BD4A4FF7262ACC3500BB8F4B /* Project object */ = {
			isa = PBXProject;
			attributes = {
				LastSwiftUpdateCheck = 1240;
				LastUpgradeCheck = 1240;
				TargetAttributes = {
					BD4A4FFE262ACC3500BB8F4B = {
						CreatedOnToolsVersion = 12.4;
					};
				};
			};
			buildConfigurationList = BD4A4FFA262ACC3500BB8F4B /* Build configuration list for PBXProject "MC1-Applied" */;
			compatibilityVersion = "Xcode 9.3";
			developmentRegion = en;
			hasScannedForEncodings = 0;
			knownRegions = (
				en,
				Base,
			);
			mainGroup = BD4A4FF6262ACC3500BB8F4B;
			productRefGroup = BD4A5000262ACC3500BB8F4B /* Products */;
			projectDirPath = "";
			projectRoot = "";
			targets = (
				BD4A4FFE262ACC3500BB8F4B /* MC1-Applied */,
			);
		};
/* End PBXProject section */

/* Begin PBXResourcesBuildPhase section */
		BD4A4FFD262ACC3500BB8F4B /* Resources */ = {
			isa = PBXResourcesBuildPhase;
			buildActionMask = 2147483647;
			files = (
				BD4A5012262ACC3500BB8F4B /* LaunchScreen.storyboard in Resources */,
				BD4A500F262ACC3500BB8F4B /* Assets.xcassets in Resources */,
				BD4A500A262ACC3500BB8F4B /* Main.storyboard in Resources */,
			);
			runOnlyForDeploymentPostprocessing = 0;
		};
/* End PBXResourcesBuildPhase section */

/* Begin PBXSourcesBuildPhase section */
		BD4A4FFB262ACC3500BB8F4B /* Sources */ = {
			isa = PBXSourcesBuildPhase;
			buildActionMask = 2147483647;
			files = (
				BD4A5007262ACC3500BB8F4B /* ViewController.swift in Sources */,
				BD4A5003262ACC3500BB8F4B /* AppDelegate.swift in Sources */,
				BD4A5005262ACC3500BB8F4B /* SceneDelegate.swift in Sources */,
				BD4A500D262ACC3500BB8F4B /* MC1_Applied.xcdatamodeld in Sources */,
			);
			runOnlyForDeploymentPostprocessing = 0;
		};
/* End PBXSourcesBuildPhase section */

/* Begin PBXVariantGroup section */
		BD4A5008262ACC3500BB8F4B /* Main.storyboard */ = {
			isa = PBXVariantGroup;
			children = (
				BD4A5009262ACC3500BB8F4B /* Base */,
			);
			name = Main.storyboard;
			sourceTree = "<group>";
		};
		BD4A5010262ACC3500BB8F4B /* LaunchScreen.storyboard */ = {
			isa = PBXVariantGroup;
			children = (
				BD4A5011262ACC3500BB8F4B /* Base */,
			);
			name = LaunchScreen.storyboard;
			sourceTree = "<group>";
		};
/* End PBXVariantGroup section */

/* Begin XCBuildConfiguration section */
		BD4A5014262ACC3500BB8F4B /* Debug */ = {
			isa = XCBuildConfiguration;
			buildSettings = {
				ALWAYS_SEARCH_USER_PATHS = NO;
				CLANG_ANALYZER_NONNULL = YES;
				CLANG_ANALYZER_NUMBER_OBJECT_CONVERSION = YES_AGGRESSIVE;
				CLANG_CXX_LANGUAGE_STANDARD = "gnu++14";
				CLANG_CXX_LIBRARY = "libc++";
				CLANG_ENABLE_MODULES = YES;
				CLANG_ENABLE_OBJC_ARC = YES;
				CLANG_ENABLE_OBJC_WEAK = YES;
				CLANG_WARN_BLOCK_CAPTURE_AUTORELEASING = YES;
				CLANG_WARN_BOOL_CONVERSION = YES;
				CLANG_WARN_COMMA = YES;
				CLANG_WARN_CONSTANT_CONVERSION = YES;
				CLANG_WARN_DEPRECATED_OBJC_IMPLEMENTATIONS = YES;
				CLANG_WARN_DIRECT_OBJC_ISA_USAGE = YES_ERROR;
				CLANG_WARN_DOCUMENTATION_COMMENTS = YES;
				CLANG_WARN_EMPTY_BODY = YES;
				CLANG_WARN_ENUM_CONVERSION = YES;
				CLANG_WARN_INFINITE_RECURSION = YES;
				CLANG_WARN_INT_CONVERSION = YES;
				CLANG_WARN_NON_LITERAL_NULL_CONVERSION = YES;
				CLANG_WARN_OBJC_IMPLICIT_RETAIN_SELF = YES;
				CLANG_WARN_OBJC_LITERAL_CONVERSION = YES;
				CLANG_WARN_OBJC_ROOT_CLASS = YES_ERROR;
				CLANG_WARN_QUOTED_INCLUDE_IN_FRAMEWORK_HEADER = YES;
				CLANG_WARN_RANGE_LOOP_ANALYSIS = YES;
				CLANG_WARN_STRICT_PROTOTYPES = YES;
				CLANG_WARN_SUSPICIOUS_MOVE = YES;
				CLANG_WARN_UNGUARDED_AVAILABILITY = YES_AGGRESSIVE;
				CLANG_WARN_UNREACHABLE_CODE = YES;
				CLANG_WARN__DUPLICATE_METHOD_MATCH = YES;
				COPY_PHASE_STRIP = NO;
				DEBUG_INFORMATION_FORMAT = dwarf;
				ENABLE_STRICT_OBJC_MSGSEND = YES;
				ENABLE_TESTABILITY = YES;
				GCC_C_LANGUAGE_STANDARD = gnu11;
				GCC_DYNAMIC_NO_PIC = NO;
				GCC_NO_COMMON_BLOCKS = YES;
				GCC_OPTIMIZATION_LEVEL = 0;
				GCC_PREPROCESSOR_DEFINITIONS = (
					"DEBUG=1",
					"$(inherited)",
				);
				GCC_WARN_64_TO_32_BIT_CONVERSION = YES;
				GCC_WARN_ABOUT_RETURN_TYPE = YES_ERROR;
				GCC_WARN_UNDECLARED_SELECTOR = YES;
				GCC_WARN_UNINITIALIZED_AUTOS = YES_AGGRESSIVE;
				GCC_WARN_UNUSED_FUNCTION = YES;
				GCC_WARN_UNUSED_VARIABLE = YES;
				IPHONEOS_DEPLOYMENT_TARGET = 14.4;
				MTL_ENABLE_DEBUG_INFO = INCLUDE_SOURCE;
				MTL_FAST_MATH = YES;
				ONLY_ACTIVE_ARCH = YES;
				SDKROOT = iphoneos;
				SWIFT_ACTIVE_COMPILATION_CONDITIONS = DEBUG;
				SWIFT_OPTIMIZATION_LEVEL = "-Onone";
			};
			name = Debug;
		};
		BD4A5015262ACC3500BB8F4B /* Release */ = {
			isa = XCBuildConfiguration;
			buildSettings = {
				ALWAYS_SEARCH_USER_PATHS = NO;
				CLANG_ANALYZER_NONNULL = YES;
				CLANG_ANALYZER_NUMBER_OBJECT_CONVERSION = YES_AGGRESSIVE;
				CLANG_CXX_LANGUAGE_STANDARD = "gnu++14";
				CLANG_CXX_LIBRARY = "libc++";
				CLANG_ENABLE_MODULES = YES;
				CLANG_ENABLE_OBJC_ARC = YES;
				CLANG_ENABLE_OBJC_WEAK = YES;
				CLANG_WARN_BLOCK_CAPTURE_AUTORELEASING = YES;
				CLANG_WARN_BOOL_CONVERSION = YES;
				CLANG_WARN_COMMA = YES;
				CLANG_WARN_CONSTANT_CONVERSION = YES;
				CLANG_WARN_DEPRECATED_OBJC_IMPLEMENTATIONS = YES;
				CLANG_WARN_DIRECT_OBJC_ISA_USAGE = YES_ERROR;
				CLANG_WARN_DOCUMENTATION_COMMENTS = YES;
				CLANG_WARN_EMPTY_BODY = YES;
				CLANG_WARN_ENUM_CONVERSION = YES;
				CLANG_WARN_INFINITE_RECURSION = YES;
				CLANG_WARN_INT_CONVERSION = YES;
				CLANG_WARN_NON_LITERAL_NULL_CONVERSION = YES;
				CLANG_WARN_OBJC_IMPLICIT_RETAIN_SELF = YES;
				CLANG_WARN_OBJC_LITERAL_CONVERSION = YES;
				CLANG_WARN_OBJC_ROOT_CLASS = YES_ERROR;
				CLANG_WARN_QUOTED_INCLUDE_IN_FRAMEWORK_HEADER = YES;
				CLANG_WARN_RANGE_LOOP_ANALYSIS = YES;
				CLANG_WARN_STRICT_PROTOTYPES = YES;
				CLANG_WARN_SUSPICIOUS_MOVE = YES;
				CLANG_WARN_UNGUARDED_AVAILABILITY = YES_AGGRESSIVE;
				CLANG_WARN_UNREACHABLE_CODE = YES;
				CLANG_WARN__DUPLICATE_METHOD_MATCH = YES;
				COPY_PHASE_STRIP = NO;
				DEBUG_INFORMATION_FORMAT = "dwarf-with-dsym";
				ENABLE_NS_ASSERTIONS = NO;
				ENABLE_STRICT_OBJC_MSGSEND = YES;
				GCC_C_LANGUAGE_STANDARD = gnu11;
				GCC_NO_COMMON_BLOCKS = YES;
				GCC_WARN_64_TO_32_BIT_CONVERSION = YES;
				GCC_WARN_ABOUT_RETURN_TYPE = YES_ERROR;
				GCC_WARN_UNDECLARED_SELECTOR = YES;
				GCC_WARN_UNINITIALIZED_AUTOS = YES_AGGRESSIVE;
				GCC_WARN_UNUSED_FUNCTION = YES;
				GCC_WARN_UNUSED_VARIABLE = YES;
				IPHONEOS_DEPLOYMENT_TARGET = 14.4;
				MTL_ENABLE_DEBUG_INFO = NO;
				MTL_FAST_MATH = YES;
				SDKROOT = iphoneos;
				SWIFT_COMPILATION_MODE = wholemodule;
				SWIFT_OPTIMIZATION_LEVEL = "-O";
				VALIDATE_PRODUCT = YES;
			};
			name = Release;
		};
		BD4A5017262ACC3500BB8F4B /* Debug */ = {
			isa = XCBuildConfiguration;
			buildSettings = {
				ASSETCATALOG_COMPILER_APPICON_NAME = AppIcon;
				ASSETCATALOG_COMPILER_GLOBAL_ACCENT_COLOR_NAME = AccentColor;
				CODE_SIGN_STYLE = Automatic;
				DEVELOPMENT_TEAM = RMQNS23DVX;
				INFOPLIST_FILE = "MC1-Applied/Info.plist";
				LD_RUNPATH_SEARCH_PATHS = (
					"$(inherited)",
					"@executable_path/Frameworks",
				);
				PRODUCT_BUNDLE_IDENTIFIER = "com.kaelsihombing.MC1-Applied";
				PRODUCT_NAME = "$(TARGET_NAME)";
				SWIFT_VERSION = 5.0;
				TARGETED_DEVICE_FAMILY = "1,2";
			};
			name = Debug;
		};
		BD4A5018262ACC3500BB8F4B /* Release */ = {
			isa = XCBuildConfiguration;
			buildSettings = {
				ASSETCATALOG_COMPILER_APPICON_NAME = AppIcon;
				ASSETCATALOG_COMPILER_GLOBAL_ACCENT_COLOR_NAME = AccentColor;
				CODE_SIGN_STYLE = Automatic;
				DEVELOPMENT_TEAM = RMQNS23DVX;
				INFOPLIST_FILE = "MC1-Applied/Info.plist";
				LD_RUNPATH_SEARCH_PATHS = (
					"$(inherited)",
					"@executable_path/Frameworks",
				);
				PRODUCT_BUNDLE_IDENTIFIER = "com.kaelsihombing.MC1-Applied";
				PRODUCT_NAME = "$(TARGET_NAME)";
				SWIFT_VERSION = 5.0;
				TARGETED_DEVICE_FAMILY = "1,2";
			};
			name = Release;
		};
/* End XCBuildConfiguration section */

/* Begin XCConfigurationList section */
		BD4A4FFA262ACC3500BB8F4B /* Build configuration list for PBXProject "MC1-Applied" */ = {
			isa = XCConfigurationList;
			buildConfigurations = (
				BD4A5014262ACC3500BB8F4B /* Debug */,
				BD4A5015262ACC3500BB8F4B /* Release */,
			);
			defaultConfigurationIsVisible = 0;
			defaultConfigurationName = Release;
		};
		BD4A5016262ACC3500BB8F4B /* Build configuration list for PBXNativeTarget "MC1-Applied" */ = {
			isa = XCConfigurationList;
			buildConfigurations = (
				BD4A5017262ACC3500BB8F4B /* Debug */,
				BD4A5018262ACC3500BB8F4B /* Release */,
			);
			defaultConfigurationIsVisible = 0;
			defaultConfigurationName = Release;
		};
/* End XCConfigurationList section */

/* Begin XCVersionGroup section */
		BD4A500B262ACC3500BB8F4B /* MC1_Applied.xcdatamodeld */ = {
			isa = XCVersionGroup;
			children = (
				BD4A500C262ACC3500BB8F4B /* MC1_Applied.xcdatamodel */,
			);
			currentVersion = BD4A500C262ACC3500BB8F4B /* MC1_Applied.xcdatamodel */;
			path = MC1_Applied.xcdatamodeld;
			sourceTree = "<group>";
			versionGroupType = wrapper.xcdatamodel;
		};
/* End XCVersionGroup section */
	};
	rootObject = BD4A4FF7262ACC3500BB8F4B /* Project object */;
}
